{
  "buildHash": "a0a3f117bc4a04adaec016ceeac5a5b4",
  "versionHash": "fbacc30a1f288ebf360ad2de66710082",
  "api": {
    "apiNames": {
      "parseMarkdown": "String -> Either String (List Block)"
    },
    "apiInstances": [],
    "apiAliases": {
      "Markdown": "(List Block)",
      "Content": "(List ContentPart)"
    },
    "apiTypes": {
      "Block": [
        "H1 Content",
        "H2 Content",
        "H3 Content",
        "H4 Content",
        "H5 Content",
        "H6 Content",
        "Paragraph Content",
        "Blockquote Content",
        "Code String String",
        "UnorderedList (List Content)"
      ],
      "ContentPart": [
        "Text String",
        "Bold String",
        "Italic String",
        "InlineCode String",
        "Link String String",
        "Image String String",
        "LineReturn"
      ]
    },
    "apiInterfaces": {}
  }
}
