{
  "buildHash": "ab8cca75a596bb1bcc10877846ce3dd2",
  "jsApi": {
    "apiInstances": [],
    "apiAliases": {
      "Markdown": "(List Block)",
      "Content": "(List ContentPart)"
    },
    "apiInterfaces": {},
    "apiNames": {
      "parseMarkdown": "String -> Either String (List Block)"
    },
    "apiTypes": {
      "ContentPart": [
        "Text String",
        "Bold String",
        "Italic String",
        "InlineCode String",
        "Link String String",
        "Image String String",
        "LineReturn"
      ],
      "Block": [
        "H1 Content",
        "H2 Content",
        "H3 Content",
        "H4 Content",
        "H5 Content",
        "H6 Content",
        "Paragraph Content",
        "Blockquote Content",
        "Code String String",
        "UnorderedList (List Content)"
      ]
    }
  },
  "llvmApi": {
    "apiInstances": [],
    "apiAliases": {
      "Markdown": "(List Block)",
      "Content": "(List ContentPart)"
    },
    "apiInterfaces": {},
    "apiNames": {
      "parseMarkdown": "String -> Either String (List Block)"
    },
    "apiTypes": {
      "ContentPart": [
        "Text String",
        "Bold String",
        "Italic String",
        "InlineCode String",
        "Link String String",
        "Image String String",
        "LineReturn"
      ],
      "Block": [
        "H1 Content",
        "H2 Content",
        "H3 Content",
        "H4 Content",
        "H5 Content",
        "H6 Content",
        "Paragraph Content",
        "Blockquote Content",
        "Code String String",
        "UnorderedList (List Content)"
      ]
    }
  },
  "versionHash": "7417b617700b295682ee25ac611b0db6"
}
